
Microsoft Visual Studio Solution File, Format Version 12.00
# Visual Studio Version 17
VisualStudioVersion = 17.8.34525.116
MinimumVisualStudioVersion = 10.0.40219.1
Project("{FAE04EC0-301F-11D3-BF4B-00C04F79EFBC}") = "AdvancedtaskSprint1", "AdvancedtaskSprint1\AdvancedtaskSprint1.csproj", "{93FEE1D7-504E-4FA0-9BDB-DE27F66A40C8}"
EndProject
Global
	GlobalSection(SolutionConfigurationPlatforms) = preSolution
		Debug|Any CPU = Debug|Any CPU
		Release|Any CPU = Release|Any CPU
	EndGlobalSection
	GlobalSection(ProjectConfigurationPlatforms) = postSolution
		{93FEE1D7-504E-4FA0-9BDB-DE27F66A40C8}.Debug|Any CPU.ActiveCfg = Debug|Any CPU
		{93FEE1D7-504E-4FA0-9BDB-DE27F66A40C8}.Debug|Any CPU.Build.0 = Debug|Any CPU
		{93FEE1D7-504E-4FA0-9BDB-DE27F66A40C8}.Release|Any CPU.ActiveCfg = Release|Any CPU
		{93FEE1D7-504E-4FA0-9BDB-DE27F66A40C8}.Release|Any CPU.Build.0 = Release|Any CPU
	EndGlobalSection
	GlobalSection(SolutionProperties) = preSolution
		HideSolutionNode = FALSE
	EndGlobalSection
	GlobalSection(ExtensibilityGlobals) = postSolution
		SolutionGuid = {54BA450B-7B2A-4A31-8617-120F72D71960}
	EndGlobalSection
EndGlobal
